{
  "requires": true,
  "lockfileVersion": 1,
  "dependencies": {
    "kurple-palindrome": {
      "version": "0.1.21",
      "resolved": "https://registry.npmjs.org/kurple-palindrome/-/kurple-palindrome-0.1.21.tgz",
      "integrity": "sha512-IpON6SNGZYdLn03CAihT6pHrBs3cPAxF+v4t3jXMAFTLNWBN2JClKd0nAxTl6HyD1wPVFIPQVJtR+tUjL7r5wA=="
    }
  }
}
